
Microsoft Visual Studio Solution File, Format Version 12.00
# Visual Studio Version 17
VisualStudioVersion = 17.12.35521.163 d17.12
MinimumVisualStudioVersion = 10.0.40219.1
Project("{2150E333-8FDC-42A3-9474-1A3956D46DE8}") = "src", "src", "{63672DAF-7582-4188-AA0B-9FACFC4D0360}"
EndProject
Project("{2150E333-8FDC-42A3-9474-1A3956D46DE8}") = "test", "test", "{7C8239E5-B0DF-4960-8DBD-354930A4FE78}"
EndProject
Project("{2150E333-8FDC-42A3-9474-1A3956D46DE8}") = "services", "services", "{FB07629F-7886-4DA5-917D-FC50CA6A6CF9}"
EndProject
Project("{2150E333-8FDC-42A3-9474-1A3956D46DE8}") = "product", "product", "{FE35ACC4-A6D4-4026-A093-1A0089A86D63}"
EndProject
Project("{2150E333-8FDC-42A3-9474-1A3956D46DE8}") = "order", "order", "{05577902-A016-48A2-8069-57D59FCD4579}"
EndProject
Project("{FAE04EC0-301F-11D3-BF4B-00C04F79EFBC}") = "Minimal.ECommerce.Order.API", "src\services\order\Minimal.ECommerce.Order.API\Minimal.ECommerce.Order.API.csproj", "{B36815BE-6B24-4F19-8B6A-318AA20237E3}"
EndProject
Project("{FAE04EC0-301F-11D3-BF4B-00C04F79EFBC}") = "Minimal.ECommerce.Product.API", "src\services\product\Minimal.ECommerce.Product.API\Minimal.ECommerce.Product.API.csproj", "{3E45EE23-E0E3-4796-9DDD-0BB54D7AFD8C}"
EndProject
Project("{2150E333-8FDC-42A3-9474-1A3956D46DE8}") = "auth", "auth", "{0B2F17AC-0815-4D53-8FBD-BBEC50E04088}"
EndProject
Project("{FAE04EC0-301F-11D3-BF4B-00C04F79EFBC}") = "Minimal.ECommerce.Auth.API", "src\services\auth\Minimal.ECommerce.Auth.API\Minimal.ECommerce.Auth.API.csproj", "{593D16CF-984A-4088-81E8-8909535514D0}"
EndProject
Global
	GlobalSection(SolutionConfigurationPlatforms) = preSolution
		Debug|Any CPU = Debug|Any CPU
		Release|Any CPU = Release|Any CPU
	EndGlobalSection
	GlobalSection(ProjectConfigurationPlatforms) = postSolution
		{B36815BE-6B24-4F19-8B6A-318AA20237E3}.Debug|Any CPU.ActiveCfg = Debug|Any CPU
		{B36815BE-6B24-4F19-8B6A-318AA20237E3}.Debug|Any CPU.Build.0 = Debug|Any CPU
		{B36815BE-6B24-4F19-8B6A-318AA20237E3}.Release|Any CPU.ActiveCfg = Release|Any CPU
		{B36815BE-6B24-4F19-8B6A-318AA20237E3}.Release|Any CPU.Build.0 = Release|Any CPU
		{3E45EE23-E0E3-4796-9DDD-0BB54D7AFD8C}.Debug|Any CPU.ActiveCfg = Debug|Any CPU
		{3E45EE23-E0E3-4796-9DDD-0BB54D7AFD8C}.Debug|Any CPU.Build.0 = Debug|Any CPU
		{3E45EE23-E0E3-4796-9DDD-0BB54D7AFD8C}.Release|Any CPU.ActiveCfg = Release|Any CPU
		{3E45EE23-E0E3-4796-9DDD-0BB54D7AFD8C}.Release|Any CPU.Build.0 = Release|Any CPU
		{593D16CF-984A-4088-81E8-8909535514D0}.Debug|Any CPU.ActiveCfg = Debug|Any CPU
		{593D16CF-984A-4088-81E8-8909535514D0}.Debug|Any CPU.Build.0 = Debug|Any CPU
		{593D16CF-984A-4088-81E8-8909535514D0}.Release|Any CPU.ActiveCfg = Release|Any CPU
		{593D16CF-984A-4088-81E8-8909535514D0}.Release|Any CPU.Build.0 = Release|Any CPU
	EndGlobalSection
	GlobalSection(SolutionProperties) = preSolution
		HideSolutionNode = FALSE
	EndGlobalSection
	GlobalSection(NestedProjects) = preSolution
		{FB07629F-7886-4DA5-917D-FC50CA6A6CF9} = {63672DAF-7582-4188-AA0B-9FACFC4D0360}
		{FE35ACC4-A6D4-4026-A093-1A0089A86D63} = {FB07629F-7886-4DA5-917D-FC50CA6A6CF9}
		{05577902-A016-48A2-8069-57D59FCD4579} = {FB07629F-7886-4DA5-917D-FC50CA6A6CF9}
		{B36815BE-6B24-4F19-8B6A-318AA20237E3} = {05577902-A016-48A2-8069-57D59FCD4579}
		{3E45EE23-E0E3-4796-9DDD-0BB54D7AFD8C} = {FE35ACC4-A6D4-4026-A093-1A0089A86D63}
		{0B2F17AC-0815-4D53-8FBD-BBEC50E04088} = {FB07629F-7886-4DA5-917D-FC50CA6A6CF9}
		{593D16CF-984A-4088-81E8-8909535514D0} = {0B2F17AC-0815-4D53-8FBD-BBEC50E04088}
	EndGlobalSection
EndGlobal
